schema: '2.0'
stages:
  ingest:
    cmd: python src/01_data_ingestion.py
    deps:
    - path: src/01_data_ingestion.py
      hash: md5
      md5: bed7e3385a133d0dc633321da64f3e91
      size: 6287
    outs:
    - path: data/cleaned_cf_dataset.parquet
      hash: md5
      md5: f496720dc5ba30b40313fb0b1f5e5fdd
      size: 2618903
    - path: data/merge_df.csv
      hash: md5
      md5: cacb62bca6d7e973fac02abc6351dc51
      size: 638907976
  preprocess:
    cmd: python src/02_preprocessing.py
    deps:
    - path: data/merge_df.csv
      hash: md5
      md5: cacb62bca6d7e973fac02abc6351dc51
      size: 638907976
    - path: src/02_preprocessing.py
      hash: md5
      md5: 971012b714db7b32aa58f2f911b74ee0
      size: 7236
    outs:
    - path: data/clean_merge_df.parquet
      hash: md5
      md5: d55492f53aa02be500089fb43efd5ba8
      size: 444822529
  summarize:
    cmd: python src/03_b_t5_summarization.py
    deps:
    - path: data/clean_merge_df.parquet
      hash: md5
      md5: d55492f53aa02be500089fb43efd5ba8
      size: 444822529
    - path: src/03_b_t5_summarization.py
      hash: md5
      md5: eeb99b19ab49f7905c522deccb2c49ad
      size: 7721
    outs:
    - path: outputs/final_top500_product_summary.csv
      hash: md5
      md5: cba7fabb7ebe85b171b5cdb1dc764873
      size: 193466
  apriori:
    cmd: python src/04_apriori_recommender.py
    deps:
    - path: data/clean_merge_df.parquet
      hash: md5
      md5: d55492f53aa02be500089fb43efd5ba8
      size: 444822529
    - path: src/04_apriori_recommender.py
      hash: md5
      md5: 543b200df23a950bd38c3004e752802d
      size: 13407
    outs:
    - path: models/apriori_recommender.pkl
      hash: md5
      md5: f5927d3a932b967520765714a61394db
      size: 3982224
    - path: outputs/apriori_rules.csv
      hash: md5
      md5: 1293c7f437ebe1bb104c78df001db2ad
      size: 344050
  content_cf:
    cmd: python src/05_content_cf_recommender.py
    deps:
    - path: data/clean_merge_df.parquet
      hash: md5
      md5: d55492f53aa02be500089fb43efd5ba8
      size: 444822529
    - path: src/05_content_cf_recommender.py
      hash: md5
      md5: c8587c66c5c80a52980d46d8f15bc5ad
      size: 18374
    outs:
    - path: models/cf_recommender.pkl
      hash: md5
      md5: e877147299d99912cfdfacbe4d590f79
      size: 24854170
    - path: models/product_recommender.pkl
      hash: md5
      md5: 87934379324eb4d46673558f52c92fa4
      size: 5273575
  mf_ncf:
    cmd: python src/06_mf_ncf_pytorch.py
    deps:
    - path: data/clean_merge_df.parquet
      hash: md5
      md5: d55492f53aa02be500089fb43efd5ba8
      size: 444822529
    - path: src/06_mf_ncf_pytorch.py
      hash: md5
      md5: 835d5d4caeae2202e19acda38d207615
      size: 13823
    outs:
    - path: data/test_df.parquet
      hash: md5
      md5: 04495729d7ecf963ddcc1895e64777b0
      size: 725485
    - path: data/train_df.parquet
      hash: md5
      md5: 17ef9c0b3955725ad543b380a1c8a983
      size: 2963352
    - path: models/metrics.json
      hash: md5
      md5: bb68de27fc6d3054d55e1aefc3042456
      size: 287
    - path: models/mf_model.pth
      hash: md5
      md5: 3c056720f7b1dac0afa8a403a14093cf
      size: 14788312
    - path: models/ncf_model.pth
      hash: md5
      md5: 4cdfcc3997df7c534cf84b5d2e21aafc
      size: 29163156
  embed:
    cmd: python src/07_semantic_search.py
    deps:
    - path: data/clean_merge_df.parquet
      hash: md5
      md5: d55492f53aa02be500089fb43efd5ba8
      size: 444822529
    - path: src/07_semantic_search.py
      hash: md5
      md5: 3d9614675ec1de0ec6fea78b19a99a43
      size: 28069
    outs:
    - path: embeddings/bm25_corpus.json
      hash: md5
      md5: 888feeb7b11063c10521cfd2a54b52c3
      size: 136187188
    - path: embeddings/meta_embeds.npy
      hash: md5
      md5: 245444400c929e6791e8fc7706a9c039
      size: 136092800
    - path: embeddings/meta_item_ids.json
      hash: md5
      md5: 72296ff3d086ffa21934bbee3858b3b2
      size: 575914
    - path: embeddings/product_vecs.npz
      hash: md5
      md5: c50e9c3aa258f2cf2aa5b1bf28aa0081
      size: 137865214
    - path: embeddings/review_embeds.npy
      hash: md5
      md5: 12910794f509f863a44a7ff63bca93de
      size: 431855744
    - path: embeddings/top_user_embeddings.npy
      hash: md5
      md5: 30aef86eb322054194d3908d80031025
      size: 153728
    - path: embeddings/top_user_ids.json
      hash: md5
      md5: f98b7d69322aa4b1fe5d5c96021552a8
      size: 1600
  als_svdpp:
    cmd: python src/09_als_svdpp.py
    deps:
    - path: data/item_map.json
      hash: md5
      md5: a34fa8d246d74f864579e2637a0095b3
      size: 919211
    - path: data/test_df.parquet
      hash: md5
      md5: 04495729d7ecf963ddcc1895e64777b0
      size: 725485
    - path: data/train_df.parquet
      hash: md5
      md5: 17ef9c0b3955725ad543b380a1c8a983
      size: 2963352
    - path: data/user_map.json
      hash: md5
      md5: 046c1f91e75e8a39a17b3744bf399df0
      size: 479081
    - path: src/09_als_svdpp.py
      hash: md5
      md5: 880ed0bc2867106250d7d2f664b9f4b2
      size: 9846
    outs:
    - path: models/als_model.npz
      hash: md5
      md5: 27104e9e76ad1f9d73cdf4ee2847d151
      size: 14561835
    - path: models/svdpp_model.pkl
      hash: md5
      md5: ca77bd12eae02cf3ce7c32a3999f6a43
      size: 41110411
    - path: models/user_item_matrix.npz
      hash: md5
      md5: ac6139c91164f216da237f544a56eb2d
      size: 339916
  hybrid:
    cmd: python src/08_hybrid_engine.py
    deps:
    - path: data/train_df.parquet
      hash: md5
      md5: 17ef9c0b3955725ad543b380a1c8a983
      size: 2963352
    - path: embeddings/meta_embeds.npy
      hash: md5
      md5: 245444400c929e6791e8fc7706a9c039
      size: 136092800
    - path: embeddings/review_embeds.npy
      hash: md5
      md5: 12910794f509f863a44a7ff63bca93de
      size: 431855744
    - path: models/als_model.npz
      hash: md5
      md5: 27104e9e76ad1f9d73cdf4ee2847d151
      size: 14561835
    - path: models/apriori_recommender.pkl
      hash: md5
      md5: f5927d3a932b967520765714a61394db
      size: 3982224
    - path: models/cf_recommender.pkl
      hash: md5
      md5: e877147299d99912cfdfacbe4d590f79
      size: 24854170
    - path: models/mf_model.pth
      hash: md5
      md5: 3c056720f7b1dac0afa8a403a14093cf
      size: 14788312
    - path: models/ncf_model.pth
      hash: md5
      md5: 4cdfcc3997df7c534cf84b5d2e21aafc
      size: 29163156
    - path: models/product_recommender.pkl
      hash: md5
      md5: 87934379324eb4d46673558f52c92fa4
      size: 5273575
    - path: models/svdpp_model.pkl
      hash: md5
      md5: ca77bd12eae02cf3ce7c32a3999f6a43
      size: 41110411
    - path: models/user_item_matrix.npz
      hash: md5
      md5: ac6139c91164f216da237f544a56eb2d
      size: 339916
    - path: src/08_hybrid_engine.py
      hash: md5
      md5: e85e794b190a1d7377df4916b5e4e4b5
      size: 18809
    outs:
    - path: models/hybrid_recommender.pkl
      hash: md5
      md5: 9a93c1d38812b42183dd264817fe79c3
      size: 317275465
