schema: '2.0'
stages:
  ingest:
    cmd: python src/01_data_ingestion.py
    deps:
    - path: src/01_data_ingestion.py
      hash: md5
      md5: bed7e3385a133d0dc633321da64f3e91
      size: 6287
    outs:
    - path: data/merge_df.csv
      hash: md5
      md5: cacb62bca6d7e973fac02abc6351dc51
      size: 638907976
  preprocess:
    cmd: python src/02_preprocessing.py
    deps:
    - path: data/merge_df.csv
      hash: md5
      md5: cacb62bca6d7e973fac02abc6351dc51
      size: 638907976
    - path: src/02_preprocessing.py
      hash: md5
      md5: 957f2fb3d2f642f9e8eb9e8b8bf3fabc
      size: 7071
    outs:
    - path: data/clean_merge_df.parquet
      hash: md5
      md5: d55492f53aa02be500089fb43efd5ba8
      size: 444822529
